
Microsoft Visual Studio Solution File, Format Version 12.00
# Visual Studio Version 16
VisualStudioVersion = 16.0.30621.155
MinimumVisualStudioVersion = 10.0.40219.1
Project("{FAE04EC0-301F-11D3-BF4B-00C04F79EFBC}") = "Vehicule", "Vehicule.csproj", "{240CA5C9-D77F-4DB0-942F-271F21462C2B}"
EndProject
Global
	GlobalSection(SolutionConfigurationPlatforms) = preSolution
		Debug|Any CPU = Debug|Any CPU
		Release|Any CPU = Release|Any CPU
	EndGlobalSection
	GlobalSection(ProjectConfigurationPlatforms) = postSolution
		{240CA5C9-D77F-4DB0-942F-271F21462C2B}.Debug|Any CPU.ActiveCfg = Debug|Any CPU
		{240CA5C9-D77F-4DB0-942F-271F21462C2B}.Debug|Any CPU.Build.0 = Debug|Any CPU
		{240CA5C9-D77F-4DB0-942F-271F21462C2B}.Release|Any CPU.ActiveCfg = Release|Any CPU
		{240CA5C9-D77F-4DB0-942F-271F21462C2B}.Release|Any CPU.Build.0 = Release|Any CPU
	EndGlobalSection
	GlobalSection(SolutionProperties) = preSolution
		HideSolutionNode = FALSE
	EndGlobalSection
	GlobalSection(ExtensibilityGlobals) = postSolution
		SolutionGuid = {E790D1BD-2D21-4DB7-99C0-0ACB10960975}
	EndGlobalSection
EndGlobal
